PODS:
  - BIJKPlayer (0.7.16)
  - fijkplayer (0.10.1):
    - BIJKPlayer (~> 0.7.16)
    - Flutter
  - Flutter (1.0.0)
  - flutter_live (0.0.1):
    - Flutter
  - flutter_webrtc (0.2.2):
    - Flutter
    - Libyuv (= 1703)
    - WebRTC-SDK (= 92.4515.07)
  - Libyuv (1703)
  - package_info (0.0.1):
    - Flutter
  - path_provider_ios (0.0.1):
    - Flutter
  - shared_preferences_ios (0.0.1):
    - Flutter
  - url_launcher_ios (0.0.1):
    - Flutter
  - WebRTC-SDK (92.4515.07)

DEPENDENCIES:
  - fijkplayer (from `.symlinks/plugins/fijkplayer/ios`)
  - Flutter (from `Flutter`)
  - flutter_live (from `.symlinks/plugins/flutter_live/ios`)
  - flutter_webrtc (from `.symlinks/plugins/flutter_webrtc/ios`)
  - package_info (from `.symlinks/plugins/package_info/ios`)
  - path_provider_ios (from `.symlinks/plugins/path_provider_ios/ios`)
  - shared_preferences_ios (from `.symlinks/plugins/shared_preferences_ios/ios`)
  - url_launcher_ios (from `.symlinks/plugins/url_launcher_ios/ios`)

SPEC REPOS:
  trunk:
    - BIJKPlayer
    - Libyuv
    - WebRTC-SDK

EXTERNAL SOURCES:
  fijkplayer:
    :path: ".symlinks/plugins/fijkplayer/ios"
  Flutter:
    :path: Flutter
  flutter_live:
    :path: ".symlinks/plugins/flutter_live/ios"
  flutter_webrtc:
    :path: ".symlinks/plugins/flutter_webrtc/ios"
  package_info:
    :path: ".symlinks/plugins/package_info/ios"
  path_provider_ios:
    :path: ".symlinks/plugins/path_provider_ios/ios"
  shared_preferences_ios:
    :path: ".symlinks/plugins/shared_preferences_ios/ios"
  url_launcher_ios:
    :path: ".symlinks/plugins/url_launcher_ios/ios"

SPEC CHECKSUMS:
  BIJKPlayer: 4c5d66e5cb99ae5bade6f22a4fcc031722a81c64
  fijkplayer: 5ecf78e80cb97eed64cc170b094a4f691d9b9691
  Flutter: 50d75fe2f02b26cc09d224853bb45737f8b3214a
  flutter_live: efecc5d284c5a3721d436eebd5ea4322eef31a08
  flutter_webrtc: 6b71a1fc1d931a3dfe879e578ea10e2e6cd84f53
  Libyuv: 5f79ced0ee66e60a612ca97de1e6ccacd187a437
  package_info: 873975fc26034f0b863a300ad47e7f1ac6c7ec62
  path_provider_ios: 14f3d2fd28c4fdb42f44e0f751d12861c43cee02
  shared_preferences_ios: 548a61f8053b9b8a49ac19c1ffbc8b92c50d68ad
  url_launcher_ios: 839c58cdb4279282219f5e248c3321761ff3c4de
  WebRTC-SDK: 540a44f2e30e89c75e331d5c4a372253ba668233

PODFILE CHECKSUM: fc5b185412ff21b714b064b8c8b0fc172d833f25

COCOAPODS: 1.11.2
